
Microsoft Visual Studio Solution File, Format Version 12.00
# Visual Studio Version 17
VisualStudioVersion = 17.11.35208.52
MinimumVisualStudioVersion = 10.0.40219.1
Project("{9A19103F-16F7-4668-BE54-9A1E7A4F7556}") = "Class-4", "Class-3\Class-4.csproj", "{51A82074-6A94-4186-8D2D-F381B64A64D6}"
EndProject
Project("{FAE04EC0-301F-11D3-BF4B-00C04F79EFBC}") = "Class 5", "Class 5\Class 5.csproj", "{30E0DA76-7304-40A1-90FE-B9C5A46751FC}"
EndProject
Project("{FAE04EC0-301F-11D3-BF4B-00C04F79EFBC}") = "Class 5-2", "Class 5-2\Class 5-2.csproj", "{7430622E-BAC3-485D-AD47-CC858D403CA5}"
EndProject
Global
	GlobalSection(SolutionConfigurationPlatforms) = preSolution
		Debug|Any CPU = Debug|Any CPU
		Release|Any CPU = Release|Any CPU
	EndGlobalSection
	GlobalSection(ProjectConfigurationPlatforms) = postSolution
		{51A82074-6A94-4186-8D2D-F381B64A64D6}.Debug|Any CPU.ActiveCfg = Debug|Any CPU
		{51A82074-6A94-4186-8D2D-F381B64A64D6}.Debug|Any CPU.Build.0 = Debug|Any CPU
		{51A82074-6A94-4186-8D2D-F381B64A64D6}.Release|Any CPU.ActiveCfg = Release|Any CPU
		{51A82074-6A94-4186-8D2D-F381B64A64D6}.Release|Any CPU.Build.0 = Release|Any CPU
		{30E0DA76-7304-40A1-90FE-B9C5A46751FC}.Debug|Any CPU.ActiveCfg = Debug|Any CPU
		{30E0DA76-7304-40A1-90FE-B9C5A46751FC}.Debug|Any CPU.Build.0 = Debug|Any CPU
		{30E0DA76-7304-40A1-90FE-B9C5A46751FC}.Release|Any CPU.ActiveCfg = Release|Any CPU
		{30E0DA76-7304-40A1-90FE-B9C5A46751FC}.Release|Any CPU.Build.0 = Release|Any CPU
		{7430622E-BAC3-485D-AD47-CC858D403CA5}.Debug|Any CPU.ActiveCfg = Debug|Any CPU
		{7430622E-BAC3-485D-AD47-CC858D403CA5}.Debug|Any CPU.Build.0 = Debug|Any CPU
		{7430622E-BAC3-485D-AD47-CC858D403CA5}.Release|Any CPU.ActiveCfg = Release|Any CPU
		{7430622E-BAC3-485D-AD47-CC858D403CA5}.Release|Any CPU.Build.0 = Release|Any CPU
	EndGlobalSection
	GlobalSection(SolutionProperties) = preSolution
		HideSolutionNode = FALSE
	EndGlobalSection
	GlobalSection(ExtensibilityGlobals) = postSolution
		SolutionGuid = {EC6A0777-828B-4F10-8CAD-20A2D9B91736}
	EndGlobalSection
EndGlobal
